// !$*UTF8*$!
{
	archiveVersion = 1;
	classes = {
	};
	objectVersion = 46;
	objects = {

/* Begin PBXBuildFile section */
		ABB180751AF27D6300446BB7 /* AppDelegate.swift in Sources */ = {isa = PBXBuildFile; fileRef = ABB180741AF27D6300446BB7 /* AppDelegate.swift */; };
		ABB180771AF27D6300446BB7 /* ViewController.swift in Sources */ = {isa = PBXBuildFile; fileRef = ABB180761AF27D6300446BB7 /* ViewController.swift */; };
		ABB1807A1AF27D6300446BB7 /* Main.storyboard in Resources */ = {isa = PBXBuildFile; fileRef = ABB180781AF27D6300446BB7 /* Main.storyboard */; };
		ABB1807C1AF27D6300446BB7 /* Images.xcassets in Resources */ = {isa = PBXBuildFile; fileRef = ABB1807B1AF27D6300446BB7 /* Images.xcassets */; };
		ABB1807F1AF27D6300446BB7 /* LaunchScreen.xib in Resources */ = {isa = PBXBuildFile; fileRef = ABB1807D1AF27D6300446BB7 /* LaunchScreen.xib */; };
		ABB1808B1AF27D6300446BB7 /* MariaFro_Tests.swift in Sources */ = {isa = PBXBuildFile; fileRef = ABB1808A1AF27D6300446BB7 /* MariaFro_Tests.swift */; };
		ABB180951AF2837E00446BB7 /* Window.swift in Sources */ = {isa = PBXBuildFile; fileRef = ABB180941AF2837E00446BB7 /* Window.swift */; };
		ABB180971AF283A700446BB7 /* WindowCell.swift in Sources */ = {isa = PBXBuildFile; fileRef = ABB180961AF283A700446BB7 /* WindowCell.swift */; };
		ABB180991AF297DE00446BB7 /* VCnavigation.swift in Sources */ = {isa = PBXBuildFile; fileRef = ABB180981AF297DE00446BB7 /* VCnavigation.swift */; };
		ABB180A91AF2F08300446BB7 /* Quicksand-LightItalic.otf in Resources */ = {isa = PBXBuildFile; fileRef = ABB180A81AF2F08300446BB7 /* Quicksand-LightItalic.otf */; };
		ABB180AD1AF325F400446BB7 /* Quicksand-Italic.otf in Resources */ = {isa = PBXBuildFile; fileRef = ABB180AC1AF325F400446BB7 /* Quicksand-Italic.otf */; };
		ABB180AF1AF3260100446BB7 /* Quicksand-Regular.otf in Resources */ = {isa = PBXBuildFile; fileRef = ABB180AE1AF3260100446BB7 /* Quicksand-Regular.otf */; };
/* End PBXBuildFile section */

/* Begin PBXContainerItemProxy section */
		ABB180851AF27D6300446BB7 /* PBXContainerItemProxy */ = {
			isa = PBXContainerItemProxy;
			containerPortal = ABB180671AF27D6300446BB7 /* Project object */;
			proxyType = 1;
			remoteGlobalIDString = ABB1806E1AF27D6300446BB7;
			remoteInfo = "MariaFrô";
		};
/* End PBXContainerItemProxy section */

/* Begin PBXFileReference section */
		ABB1806F1AF27D6300446BB7 /* MariaFrô.app */ = {isa = PBXFileReference; explicitFileType = wrapper.application; includeInIndex = 0; path = "MariaFrô.app"; sourceTree = BUILT_PRODUCTS_DIR; };
		ABB180731AF27D6300446BB7 /* Info.plist */ = {isa = PBXFileReference; lastKnownFileType = text.plist.xml; path = Info.plist; sourceTree = "<group>"; };
		ABB180741AF27D6300446BB7 /* AppDelegate.swift */ = {isa = PBXFileReference; lastKnownFileType = sourcecode.swift; path = AppDelegate.swift; sourceTree = "<group>"; };
		ABB180761AF27D6300446BB7 /* ViewController.swift */ = {isa = PBXFileReference; lastKnownFileType = sourcecode.swift; path = ViewController.swift; sourceTree = "<group>"; };
		ABB180791AF27D6300446BB7 /* Base */ = {isa = PBXFileReference; lastKnownFileType = file.storyboard; name = Base; path = Base.lproj/Main.storyboard; sourceTree = "<group>"; };
		ABB1807B1AF27D6300446BB7 /* Images.xcassets */ = {isa = PBXFileReference; lastKnownFileType = folder.assetcatalog; path = Images.xcassets; sourceTree = "<group>"; };
		ABB1807E1AF27D6300446BB7 /* Base */ = {isa = PBXFileReference; lastKnownFileType = file.xib; name = Base; path = Base.lproj/LaunchScreen.xib; sourceTree = "<group>"; };
		ABB180841AF27D6300446BB7 /* MariaFrôTests.xctest */ = {isa = PBXFileReference; explicitFileType = wrapper.cfbundle; includeInIndex = 0; path = "MariaFrôTests.xctest"; sourceTree = BUILT_PRODUCTS_DIR; };
		ABB180891AF27D6300446BB7 /* Info.plist */ = {isa = PBXFileReference; lastKnownFileType = text.plist.xml; path = Info.plist; sourceTree = "<group>"; };
		ABB1808A1AF27D6300446BB7 /* MariaFro_Tests.swift */ = {isa = PBXFileReference; lastKnownFileType = sourcecode.swift; path = MariaFro_Tests.swift; sourceTree = "<group>"; };
		ABB180941AF2837E00446BB7 /* Window.swift */ = {isa = PBXFileReference; fileEncoding = 4; lastKnownFileType = sourcecode.swift; path = Window.swift; sourceTree = "<group>"; };
		ABB180961AF283A700446BB7 /* WindowCell.swift */ = {isa = PBXFileReference; fileEncoding = 4; lastKnownFileType = sourcecode.swift; path = WindowCell.swift; sourceTree = "<group>"; };
		ABB180981AF297DE00446BB7 /* VCnavigation.swift */ = {isa = PBXFileReference; fileEncoding = 4; lastKnownFileType = sourcecode.swift; path = VCnavigation.swift; sourceTree = "<group>"; };
		ABB180A81AF2F08300446BB7 /* Quicksand-LightItalic.otf */ = {isa = PBXFileReference; lastKnownFileType = file; path = "Quicksand-LightItalic.otf"; sourceTree = "<group>"; };
		ABB180AC1AF325F400446BB7 /* Quicksand-Italic.otf */ = {isa = PBXFileReference; lastKnownFileType = file; path = "Quicksand-Italic.otf"; sourceTree = "<group>"; };
		ABB180AE1AF3260100446BB7 /* Quicksand-Regular.otf */ = {isa = PBXFileReference; lastKnownFileType = file; path = "Quicksand-Regular.otf"; sourceTree = "<group>"; };
/* End PBXFileReference section */

/* Begin PBXFrameworksBuildPhase section */
		ABB1806C1AF27D6300446BB7 /* Frameworks */ = {
			isa = PBXFrameworksBuildPhase;
			buildActionMask = 2147483647;
			files = (
			);
			runOnlyForDeploymentPostprocessing = 0;
		};
		ABB180811AF27D6300446BB7 /* Frameworks */ = {
			isa = PBXFrameworksBuildPhase;
			buildActionMask = 2147483647;
			files = (
			);
			runOnlyForDeploymentPostprocessing = 0;
		};
/* End PBXFrameworksBuildPhase section */

/* Begin PBXGroup section */
		ABB180661AF27D6300446BB7 = {
			isa = PBXGroup;
			children = (
				ABB180711AF27D6300446BB7 /* MariaFrô */,
				ABB180871AF27D6300446BB7 /* MariaFrôTests */,
				ABB180701AF27D6300446BB7 /* Products */,
				ABB180A81AF2F08300446BB7 /* Quicksand-LightItalic.otf */,
				ABB180AC1AF325F400446BB7 /* Quicksand-Italic.otf */,
				ABB180AE1AF3260100446BB7 /* Quicksand-Regular.otf */,
			);
			sourceTree = "<group>";
		};
		ABB180701AF27D6300446BB7 /* Products */ = {
			isa = PBXGroup;
			children = (
				ABB1806F1AF27D6300446BB7 /* MariaFrô.app */,
				ABB180841AF27D6300446BB7 /* MariaFrôTests.xctest */,
			);
			name = Products;
			sourceTree = "<group>";
		};
		ABB180711AF27D6300446BB7 /* MariaFrô */ = {
			isa = PBXGroup;
			children = (
				ABB180741AF27D6300446BB7 /* AppDelegate.swift */,
				ABB180761AF27D6300446BB7 /* ViewController.swift */,
				ABB180941AF2837E00446BB7 /* Window.swift */,
				ABB180961AF283A700446BB7 /* WindowCell.swift */,
				ABB180781AF27D6300446BB7 /* Main.storyboard */,
				ABB1807D1AF27D6300446BB7 /* LaunchScreen.xib */,
				ABB180981AF297DE00446BB7 /* VCnavigation.swift */,
				ABB1807B1AF27D6300446BB7 /* Images.xcassets */,
				ABB180721AF27D6300446BB7 /* Supporting Files */,
			);
			path = "MariaFrô";
			sourceTree = "<group>";
		};
		ABB180721AF27D6300446BB7 /* Supporting Files */ = {
			isa = PBXGroup;
			children = (
				ABB180731AF27D6300446BB7 /* Info.plist */,
			);
			name = "Supporting Files";
			sourceTree = "<group>";
		};
		ABB180871AF27D6300446BB7 /* MariaFrôTests */ = {
			isa = PBXGroup;
			children = (
				ABB1808A1AF27D6300446BB7 /* MariaFro_Tests.swift */,
				ABB180881AF27D6300446BB7 /* Supporting Files */,
			);
			path = "MariaFrôTests";
			sourceTree = "<group>";
		};
		ABB180881AF27D6300446BB7 /* Supporting Files */ = {
			isa = PBXGroup;
			children = (
				ABB180891AF27D6300446BB7 /* Info.plist */,
			);
			name = "Supporting Files";
			sourceTree = "<group>";
		};
/* End PBXGroup section */

/* Begin PBXNativeTarget section */
		ABB1806E1AF27D6300446BB7 /* MariaFrô */ = {
			isa = PBXNativeTarget;
			buildConfigurationList = ABB1808E1AF27D6300446BB7 /* Build configuration list for PBXNativeTarget "MariaFrô" */;
			buildPhases = (
				ABB1806B1AF27D6300446BB7 /* Sources */,
				ABB1806C1AF27D6300446BB7 /* Frameworks */,
				ABB1806D1AF27D6300446BB7 /* Resources */,
			);
			buildRules = (
			);
			dependencies = (
			);
			name = "MariaFrô";
			productName = "MariaFrô";
			productReference = ABB1806F1AF27D6300446BB7 /* MariaFrô.app */;
			productType = "com.apple.product-type.application";
		};
		ABB180831AF27D6300446BB7 /* MariaFrôTests */ = {
			isa = PBXNativeTarget;
			buildConfigurationList = ABB180911AF27D6300446BB7 /* Build configuration list for PBXNativeTarget "MariaFrôTests" */;
			buildPhases = (
				ABB180801AF27D6300446BB7 /* Sources */,
				ABB180811AF27D6300446BB7 /* Frameworks */,
				ABB180821AF27D6300446BB7 /* Resources */,
			);
			buildRules = (
			);
			dependencies = (
				ABB180861AF27D6300446BB7 /* PBXTargetDependency */,
			);
			name = "MariaFrôTests";
			productName = "MariaFrôTests";
			productReference = ABB180841AF27D6300446BB7 /* MariaFrôTests.xctest */;
			productType = "com.apple.product-type.bundle.unit-test";
		};
/* End PBXNativeTarget section */

/* Begin PBXProject section */
		ABB180671AF27D6300446BB7 /* Project object */ = {
			isa = PBXProject;
			attributes = {
				LastUpgradeCheck = 0630;
				ORGANIZATIONNAME = BEPiD;
				TargetAttributes = {
					ABB1806E1AF27D6300446BB7 = {
						CreatedOnToolsVersion = 6.3.1;
					};
					ABB180831AF27D6300446BB7 = {
						CreatedOnToolsVersion = 6.3.1;
						TestTargetID = ABB1806E1AF27D6300446BB7;
					};
				};
			};
			buildConfigurationList = ABB1806A1AF27D6300446BB7 /* Build configuration list for PBXProject "MariaFrô" */;
			compatibilityVersion = "Xcode 3.2";
			developmentRegion = English;
			hasScannedForEncodings = 0;
			knownRegions = (
				en,
				Base,
			);
			mainGroup = ABB180661AF27D6300446BB7;
			productRefGroup = ABB180701AF27D6300446BB7 /* Products */;
			projectDirPath = "";
			projectRoot = "";
			targets = (
				ABB1806E1AF27D6300446BB7 /* MariaFrô */,
				ABB180831AF27D6300446BB7 /* MariaFrôTests */,
			);
		};
/* End PBXProject section */

/* Begin PBXResourcesBuildPhase section */
		ABB1806D1AF27D6300446BB7 /* Resources */ = {
			isa = PBXResourcesBuildPhase;
			buildActionMask = 2147483647;
			files = (
				ABB1807A1AF27D6300446BB7 /* Main.storyboard in Resources */,
				ABB1807F1AF27D6300446BB7 /* LaunchScreen.xib in Resources */,
				ABB180A91AF2F08300446BB7 /* Quicksand-LightItalic.otf in Resources */,
				ABB180AD1AF325F400446BB7 /* Quicksand-Italic.otf in Resources */,
				ABB180AF1AF3260100446BB7 /* Quicksand-Regular.otf in Resources */,
				ABB1807C1AF27D6300446BB7 /* Images.xcassets in Resources */,
			);
			runOnlyForDeploymentPostprocessing = 0;
		};
		ABB180821AF27D6300446BB7 /* Resources */ = {
			isa = PBXResourcesBuildPhase;
			buildActionMask = 2147483647;
			files = (
			);
			runOnlyForDeploymentPostprocessing = 0;
		};
/* End PBXResourcesBuildPhase section */

/* Begin PBXSourcesBuildPhase section */
		ABB1806B1AF27D6300446BB7 /* Sources */ = {
			isa = PBXSourcesBuildPhase;
			buildActionMask = 2147483647;
			files = (
				ABB180971AF283A700446BB7 /* WindowCell.swift in Sources */,
				ABB180991AF297DE00446BB7 /* VCnavigation.swift in Sources */,
				ABB180771AF27D6300446BB7 /* ViewController.swift in Sources */,
				ABB180951AF2837E00446BB7 /* Window.swift in Sources */,
				ABB180751AF27D6300446BB7 /* AppDelegate.swift in Sources */,
			);
			runOnlyForDeploymentPostprocessing = 0;
		};
		ABB180801AF27D6300446BB7 /* Sources */ = {
			isa = PBXSourcesBuildPhase;
			buildActionMask = 2147483647;
			files = (
				ABB1808B1AF27D6300446BB7 /* MariaFro_Tests.swift in Sources */,
			);
			runOnlyForDeploymentPostprocessing = 0;
		};
/* End PBXSourcesBuildPhase section */

/* Begin PBXTargetDependency section */
		ABB180861AF27D6300446BB7 /* PBXTargetDependency */ = {
			isa = PBXTargetDependency;
			target = ABB1806E1AF27D6300446BB7 /* MariaFrô */;
			targetProxy = ABB180851AF27D6300446BB7 /* PBXContainerItemProxy */;
		};
/* End PBXTargetDependency section */

/* Begin PBXVariantGroup section */
		ABB180781AF27D6300446BB7 /* Main.storyboard */ = {
			isa = PBXVariantGroup;
			children = (
				ABB180791AF27D6300446BB7 /* Base */,
			);
			name = Main.storyboard;
			sourceTree = "<group>";
		};
		ABB1807D1AF27D6300446BB7 /* LaunchScreen.xib */ = {
			isa = PBXVariantGroup;
			children = (
				ABB1807E1AF27D6300446BB7 /* Base */,
			);
			name = LaunchScreen.xib;
			sourceTree = "<group>";
		};
/* End PBXVariantGroup section */

/* Begin XCBuildConfiguration section */
		ABB1808C1AF27D6300446BB7 /* Debug */ = {
			isa = XCBuildConfiguration;
			buildSettings = {
				ALWAYS_SEARCH_USER_PATHS = NO;
				CLANG_CXX_LANGUAGE_STANDARD = "gnu++0x";
				CLANG_CXX_LIBRARY = "libc++";
				CLANG_ENABLE_MODULES = YES;
				CLANG_ENABLE_OBJC_ARC = YES;
				CLANG_WARN_BOOL_CONVERSION = YES;
				CLANG_WARN_CONSTANT_CONVERSION = YES;
				CLANG_WARN_DIRECT_OBJC_ISA_USAGE = YES_ERROR;
				CLANG_WARN_EMPTY_BODY = YES;
				CLANG_WARN_ENUM_CONVERSION = YES;
				CLANG_WARN_INT_CONVERSION = YES;
				CLANG_WARN_OBJC_ROOT_CLASS = YES_ERROR;
				CLANG_WARN_UNREACHABLE_CODE = YES;
				CLANG_WARN__DUPLICATE_METHOD_MATCH = YES;
				"CODE_SIGN_IDENTITY[sdk=iphoneos*]" = "iPhone Developer";
				COPY_PHASE_STRIP = NO;
				DEBUG_INFORMATION_FORMAT = "dwarf-with-dsym";
				ENABLE_STRICT_OBJC_MSGSEND = YES;
				GCC_C_LANGUAGE_STANDARD = gnu99;
				GCC_DYNAMIC_NO_PIC = NO;
				GCC_NO_COMMON_BLOCKS = YES;
				GCC_OPTIMIZATION_LEVEL = 0;
				GCC_PREPROCESSOR_DEFINITIONS = (
					"DEBUG=1",
					"$(inherited)",
				);
				GCC_SYMBOLS_PRIVATE_EXTERN = NO;
				GCC_WARN_64_TO_32_BIT_CONVERSION = YES;
				GCC_WARN_ABOUT_RETURN_TYPE = YES_ERROR;
				GCC_WARN_UNDECLARED_SELECTOR = YES;
				GCC_WARN_UNINITIALIZED_AUTOS = YES_AGGRESSIVE;
				GCC_WARN_UNUSED_FUNCTION = YES;
				GCC_WARN_UNUSED_VARIABLE = YES;
				IPHONEOS_DEPLOYMENT_TARGET = 8.3;
				MTL_ENABLE_DEBUG_INFO = YES;
				ONLY_ACTIVE_ARCH = YES;
				SDKROOT = iphoneos;
				SWIFT_OPTIMIZATION_LEVEL = "-Onone";
			};
			name = Debug;
		};
		ABB1808D1AF27D6300446BB7 /* Release */ = {
			isa = XCBuildConfiguration;
			buildSettings = {
				ALWAYS_SEARCH_USER_PATHS = NO;
				CLANG_CXX_LANGUAGE_STANDARD = "gnu++0x";
				CLANG_CXX_LIBRARY = "libc++";
				CLANG_ENABLE_MODULES = YES;
				CLANG_ENABLE_OBJC_ARC = YES;
				CLANG_WARN_BOOL_CONVERSION = YES;
				CLANG_WARN_CONSTANT_CONVERSION = YES;
				CLANG_WARN_DIRECT_OBJC_ISA_USAGE = YES_ERROR;
				CLANG_WARN_EMPTY_BODY = YES;
				CLANG_WARN_ENUM_CONVERSION = YES;
				CLANG_WARN_INT_CONVERSION = YES;
				CLANG_WARN_OBJC_ROOT_CLASS = YES_ERROR;
				CLANG_WARN_UNREACHABLE_CODE = YES;
				CLANG_WARN__DUPLICATE_METHOD_MATCH = YES;
				"CODE_SIGN_IDENTITY[sdk=iphoneos*]" = "iPhone Developer";
				COPY_PHASE_STRIP = NO;
				DEBUG_INFORMATION_FORMAT = "dwarf-with-dsym";
				ENABLE_NS_ASSERTIONS = NO;
				ENABLE_STRICT_OBJC_MSGSEND = YES;
				GCC_C_LANGUAGE_STANDARD = gnu99;
				GCC_NO_COMMON_BLOCKS = YES;
				GCC_WARN_64_TO_32_BIT_CONVERSION = YES;
				GCC_WARN_ABOUT_RETURN_TYPE = YES_ERROR;
				GCC_WARN_UNDECLARED_SELECTOR = YES;
				GCC_WARN_UNINITIALIZED_AUTOS = YES_AGGRESSIVE;
				GCC_WARN_UNUSED_FUNCTION = YES;
				GCC_WARN_UNUSED_VARIABLE = YES;
				IPHONEOS_DEPLOYMENT_TARGET = 8.3;
				MTL_ENABLE_DEBUG_INFO = NO;
				SDKROOT = iphoneos;
				VALIDATE_PRODUCT = YES;
			};
			name = Release;
		};
		ABB1808F1AF27D6300446BB7 /* Debug */ = {
			isa = XCBuildConfiguration;
			buildSettings = {
				ASSETCATALOG_COMPILER_APPICON_NAME = AppIcon;
				INFOPLIST_FILE = "MariaFrô/Info.plist";
				LD_RUNPATH_SEARCH_PATHS = "$(inherited) @executable_path/Frameworks";
				PRODUCT_NAME = "$(TARGET_NAME)";
				TARGETED_DEVICE_FAMILY = 1;
			};
			name = Debug;
		};
		ABB180901AF27D6300446BB7 /* Release */ = {
			isa = XCBuildConfiguration;
			buildSettings = {
				ASSETCATALOG_COMPILER_APPICON_NAME = AppIcon;
				INFOPLIST_FILE = "MariaFrô/Info.plist";
				LD_RUNPATH_SEARCH_PATHS = "$(inherited) @executable_path/Frameworks";
				PRODUCT_NAME = "$(TARGET_NAME)";
				TARGETED_DEVICE_FAMILY = 1;
			};
			name = Release;
		};
		ABB180921AF27D6300446BB7 /* Debug */ = {
			isa = XCBuildConfiguration;
			buildSettings = {
				BUNDLE_LOADER = "$(TEST_HOST)";
				FRAMEWORK_SEARCH_PATHS = (
					"$(SDKROOT)/Developer/Library/Frameworks",
					"$(inherited)",
				);
				GCC_PREPROCESSOR_DEFINITIONS = (
					"DEBUG=1",
					"$(inherited)",
				);
				INFOPLIST_FILE = "MariaFrôTests/Info.plist";
				LD_RUNPATH_SEARCH_PATHS = "$(inherited) @executable_path/Frameworks @loader_path/Frameworks";
				PRODUCT_NAME = "$(TARGET_NAME)";
				TEST_HOST = "$(BUILT_PRODUCTS_DIR)/MariaFrô.app/MariaFrô";
			};
			name = Debug;
		};
		ABB180931AF27D6300446BB7 /* Release */ = {
			isa = XCBuildConfiguration;
			buildSettings = {
				BUNDLE_LOADER = "$(TEST_HOST)";
				FRAMEWORK_SEARCH_PATHS = (
					"$(SDKROOT)/Developer/Library/Frameworks",
					"$(inherited)",
				);
				INFOPLIST_FILE = "MariaFrôTests/Info.plist";
				LD_RUNPATH_SEARCH_PATHS = "$(inherited) @executable_path/Frameworks @loader_path/Frameworks";
				PRODUCT_NAME = "$(TARGET_NAME)";
				TEST_HOST = "$(BUILT_PRODUCTS_DIR)/MariaFrô.app/MariaFrô";
			};
			name = Release;
		};
/* End XCBuildConfiguration section */

/* Begin XCConfigurationList section */
		ABB1806A1AF27D6300446BB7 /* Build configuration list for PBXProject "MariaFrô" */ = {
			isa = XCConfigurationList;
			buildConfigurations = (
				ABB1808C1AF27D6300446BB7 /* Debug */,
				ABB1808D1AF27D6300446BB7 /* Release */,
			);
			defaultConfigurationIsVisible = 0;
			defaultConfigurationName = Release;
		};
		ABB1808E1AF27D6300446BB7 /* Build configuration list for PBXNativeTarget "MariaFrô" */ = {
			isa = XCConfigurationList;
			buildConfigurations = (
				ABB1808F1AF27D6300446BB7 /* Debug */,
				ABB180901AF27D6300446BB7 /* Release */,
			);
			defaultConfigurationIsVisible = 0;
			defaultConfigurationName = Release;
		};
		ABB180911AF27D6300446BB7 /* Build configuration list for PBXNativeTarget "MariaFrôTests" */ = {
			isa = XCConfigurationList;
			buildConfigurations = (
				ABB180921AF27D6300446BB7 /* Debug */,
				ABB180931AF27D6300446BB7 /* Release */,
			);
			defaultConfigurationIsVisible = 0;
			defaultConfigurationName = Release;
		};
/* End XCConfigurationList section */
	};
	rootObject = ABB180671AF27D6300446BB7 /* Project object */;
}
